{
  "name": "conva",
  "version": "0.0.0",
  "lockfileVersion": 1,
  "requires": true,
  "dependencies": {
    "conva-length": {
      "version": "1.0.4",
      "resolved": "https://registry.npmjs.org/conva-length/-/conva-length-1.0.4.tgz",
      "integrity": "sha512-wBSU4Pdm1+EfYUYGhG1/LwzDAwXgZBeAayVni/s9jWghTNGpgKDKO12Ec4OvyNN/2ic1tsLaqIa2mdQu+P/H7w=="
    }
  }
}
